
Microsoft Visual Studio Solution File, Format Version 12.00
# Visual Studio Version 17
VisualStudioVersion = 17.8.34525.116
MinimumVisualStudioVersion = 10.0.40219.1
Project("{FAE04EC0-301F-11D3-BF4B-00C04F79EFBC}") = "CardMarker", "CardMarker\CardMarker.csproj", "{FDAB4234-3520-4A45-9A2F-C75DC7A80634}"
EndProject
Global
	GlobalSection(SolutionConfigurationPlatforms) = preSolution
		Debug|Any CPU = Debug|Any CPU
		Release|Any CPU = Release|Any CPU
	EndGlobalSection
	GlobalSection(ProjectConfigurationPlatforms) = postSolution
		{FDAB4234-3520-4A45-9A2F-C75DC7A80634}.Debug|Any CPU.ActiveCfg = Debug|Any CPU
		{FDAB4234-3520-4A45-9A2F-C75DC7A80634}.Debug|Any CPU.Build.0 = Debug|Any CPU
		{FDAB4234-3520-4A45-9A2F-C75DC7A80634}.Release|Any CPU.ActiveCfg = Release|Any CPU
		{FDAB4234-3520-4A45-9A2F-C75DC7A80634}.Release|Any CPU.Build.0 = Release|Any CPU
	EndGlobalSection
	GlobalSection(SolutionProperties) = preSolution
		HideSolutionNode = FALSE
	EndGlobalSection
	GlobalSection(ExtensibilityGlobals) = postSolution
		SolutionGuid = {CBB55875-C495-4F0C-8CD2-108C038666A9}
	EndGlobalSection
EndGlobal
