
Microsoft Visual Studio Solution File, Format Version 12.00
# Visual Studio Version 17
VisualStudioVersion = 17.8.34525.116
MinimumVisualStudioVersion = 10.0.40219.1
Project("{FAE04EC0-301F-11D3-BF4B-00C04F79EFBC}") = "TaskTwo", "TaskTwo\TaskTwo.csproj", "{B69A3333-4C42-412F-8D92-98F2FF9267AB}"
EndProject
Global
	GlobalSection(SolutionConfigurationPlatforms) = preSolution
		Debug|Any CPU = Debug|Any CPU
		Release|Any CPU = Release|Any CPU
	EndGlobalSection
	GlobalSection(ProjectConfigurationPlatforms) = postSolution
		{B69A3333-4C42-412F-8D92-98F2FF9267AB}.Debug|Any CPU.ActiveCfg = Debug|Any CPU
		{B69A3333-4C42-412F-8D92-98F2FF9267AB}.Debug|Any CPU.Build.0 = Debug|Any CPU
		{B69A3333-4C42-412F-8D92-98F2FF9267AB}.Release|Any CPU.ActiveCfg = Release|Any CPU
		{B69A3333-4C42-412F-8D92-98F2FF9267AB}.Release|Any CPU.Build.0 = Release|Any CPU
	EndGlobalSection
	GlobalSection(SolutionProperties) = preSolution
		HideSolutionNode = FALSE
	EndGlobalSection
	GlobalSection(ExtensibilityGlobals) = postSolution
		SolutionGuid = {6274B612-B934-4E30-AE48-0374B18E0878}
	EndGlobalSection
EndGlobal
