
Microsoft Visual Studio Solution File, Format Version 12.00
# Visual Studio Version 17
VisualStudioVersion = 17.8.34525.116
MinimumVisualStudioVersion = 10.0.40219.1
Project("{FAE04EC0-301F-11D3-BF4B-00C04F79EFBC}") = "TaskOne", "TaskOne\TaskOne.csproj", "{023312DB-EE39-44E9-970C-B18E90D057B3}"
EndProject
Global
	GlobalSection(SolutionConfigurationPlatforms) = preSolution
		Debug|Any CPU = Debug|Any CPU
		Release|Any CPU = Release|Any CPU
	EndGlobalSection
	GlobalSection(ProjectConfigurationPlatforms) = postSolution
		{023312DB-EE39-44E9-970C-B18E90D057B3}.Debug|Any CPU.ActiveCfg = Debug|Any CPU
		{023312DB-EE39-44E9-970C-B18E90D057B3}.Debug|Any CPU.Build.0 = Debug|Any CPU
		{023312DB-EE39-44E9-970C-B18E90D057B3}.Release|Any CPU.ActiveCfg = Release|Any CPU
		{023312DB-EE39-44E9-970C-B18E90D057B3}.Release|Any CPU.Build.0 = Release|Any CPU
	EndGlobalSection
	GlobalSection(SolutionProperties) = preSolution
		HideSolutionNode = FALSE
	EndGlobalSection
	GlobalSection(ExtensibilityGlobals) = postSolution
		SolutionGuid = {598FF87D-EFB3-4C04-8DCC-B7992D13F1D8}
	EndGlobalSection
EndGlobal
